
Microsoft Visual Studio Solution File, Format Version 12.00
# Visual Studio 15
VisualStudioVersion = 15.0.28307.902
MinimumVisualStudioVersion = 10.0.40219.1
Project("{FAE04EC0-301F-11D3-BF4B-00C04F79EFBC}") = "Esercizio1_278", "Esercizio1_278\Esercizio1_278.csproj", "{2A831903-E6E4-49BB-8E5F-6328352C3D12}"
EndProject
Global
	GlobalSection(SolutionConfigurationPlatforms) = preSolution
		Debug|Any CPU = Debug|Any CPU
		Release|Any CPU = Release|Any CPU
	EndGlobalSection
	GlobalSection(ProjectConfigurationPlatforms) = postSolution
		{2A831903-E6E4-49BB-8E5F-6328352C3D12}.Debug|Any CPU.ActiveCfg = Debug|Any CPU
		{2A831903-E6E4-49BB-8E5F-6328352C3D12}.Debug|Any CPU.Build.0 = Debug|Any CPU
		{2A831903-E6E4-49BB-8E5F-6328352C3D12}.Release|Any CPU.ActiveCfg = Release|Any CPU
		{2A831903-E6E4-49BB-8E5F-6328352C3D12}.Release|Any CPU.Build.0 = Release|Any CPU
	EndGlobalSection
	GlobalSection(SolutionProperties) = preSolution
		HideSolutionNode = FALSE
	EndGlobalSection
	GlobalSection(ExtensibilityGlobals) = postSolution
		SolutionGuid = {727A8AEA-86D6-4CE8-BFCF-4BF2FFCCB31A}
	EndGlobalSection
EndGlobal
